
Microsoft Visual Studio Solution File, Format Version 12.00
# Visual Studio Version 16
VisualStudioVersion = 16.0.30711.63
MinimumVisualStudioVersion = 10.0.40219.1
Project("{9A19103F-16F7-4668-BE54-9A1E7A4F7556}") = "ExperimentDF", "ExperimentDF\ExperimentDF.csproj", "{C2F398F0-D3B8-4B66-A048-594891FB967E}"
EndProject
Global
	GlobalSection(SolutionConfigurationPlatforms) = preSolution
		Debug|Any CPU = Debug|Any CPU
		Release|Any CPU = Release|Any CPU
	EndGlobalSection
	GlobalSection(ProjectConfigurationPlatforms) = postSolution
		{C2F398F0-D3B8-4B66-A048-594891FB967E}.Debug|Any CPU.ActiveCfg = Debug|Any CPU
		{C2F398F0-D3B8-4B66-A048-594891FB967E}.Debug|Any CPU.Build.0 = Debug|Any CPU
		{C2F398F0-D3B8-4B66-A048-594891FB967E}.Release|Any CPU.ActiveCfg = Release|Any CPU
		{C2F398F0-D3B8-4B66-A048-594891FB967E}.Release|Any CPU.Build.0 = Release|Any CPU
	EndGlobalSection
	GlobalSection(SolutionProperties) = preSolution
		HideSolutionNode = FALSE
	EndGlobalSection
	GlobalSection(ExtensibilityGlobals) = postSolution
		SolutionGuid = {877E1F35-F3F9-410B-BEF3-1A0BABA6085B}
	EndGlobalSection
EndGlobal
